// !$*UTF8*$!
{
	archiveVersion = 1;
	classes = {
	};
	objectVersion = 50;
	objects = {

/* Begin PBXBuildFile section */
		AA4996FB23F53E4900B2A3CF /* SearchTableViewCell.swift in Sources */ = {isa = PBXBuildFile; fileRef = AA4996F923F53E4900B2A3CF /* SearchTableViewCell.swift */; };
		AA4996FC23F53E4900B2A3CF /* SearchTableViewCell.xib in Resources */ = {isa = PBXBuildFile; fileRef = AA4996FA23F53E4900B2A3CF /* SearchTableViewCell.xib */; };
		AA4996FE23F57B0900B2A3CF /* CharacterModel.swift in Sources */ = {isa = PBXBuildFile; fileRef = AA4996FD23F57B0900B2A3CF /* CharacterModel.swift */; };
		AA49970423F846AF00B2A3CF /* SearchManager.swift in Sources */ = {isa = PBXBuildFile; fileRef = AA49970323F846AF00B2A3CF /* SearchManager.swift */; };
		AA49970723F848A600B2A3CF /* NetworkManager.swift in Sources */ = {isa = PBXBuildFile; fileRef = AA49970623F848A600B2A3CF /* NetworkManager.swift */; };
		AA49970B23F8681600B2A3CF /* Delayer.swift in Sources */ = {isa = PBXBuildFile; fileRef = AA49970A23F8681600B2A3CF /* Delayer.swift */; };
		AA49970D23F86DD100B2A3CF /* SearchRequest.swift in Sources */ = {isa = PBXBuildFile; fileRef = AA49970C23F86DD100B2A3CF /* SearchRequest.swift */; };
		AA49971123F87E7700B2A3CF /* DetailInfoViewController.swift in Sources */ = {isa = PBXBuildFile; fileRef = AA49971023F87E7700B2A3CF /* DetailInfoViewController.swift */; };
		AA49971523F89AD200B2A3CF /* ViewControllerTableExt.swift in Sources */ = {isa = PBXBuildFile; fileRef = AA49971423F89AD200B2A3CF /* ViewControllerTableExt.swift */; };
		AA49971723F89AE100B2A3CF /* ViewControllerSearchExt.swift in Sources */ = {isa = PBXBuildFile; fileRef = AA49971623F89AE100B2A3CF /* ViewControllerSearchExt.swift */; };
		AAF2A3DF23F46CAC00990EF3 /* AppDelegate.swift in Sources */ = {isa = PBXBuildFile; fileRef = AAF2A3DE23F46CAC00990EF3 /* AppDelegate.swift */; };
		AAF2A3E123F46CAC00990EF3 /* SceneDelegate.swift in Sources */ = {isa = PBXBuildFile; fileRef = AAF2A3E023F46CAC00990EF3 /* SceneDelegate.swift */; };
		AAF2A3E323F46CAC00990EF3 /* ViewController.swift in Sources */ = {isa = PBXBuildFile; fileRef = AAF2A3E223F46CAC00990EF3 /* ViewController.swift */; };
		AAF2A3E623F46CAC00990EF3 /* Main.storyboard in Resources */ = {isa = PBXBuildFile; fileRef = AAF2A3E423F46CAC00990EF3 /* Main.storyboard */; };
		AAF2A3E823F46CAD00990EF3 /* Assets.xcassets in Resources */ = {isa = PBXBuildFile; fileRef = AAF2A3E723F46CAD00990EF3 /* Assets.xcassets */; };
		AAF2A3EB23F46CAD00990EF3 /* LaunchScreen.storyboard in Resources */ = {isa = PBXBuildFile; fileRef = AAF2A3E923F46CAD00990EF3 /* LaunchScreen.storyboard */; };
/* End PBXBuildFile section */

/* Begin PBXFileReference section */
		AA4996F923F53E4900B2A3CF /* SearchTableViewCell.swift */ = {isa = PBXFileReference; lastKnownFileType = sourcecode.swift; path = SearchTableViewCell.swift; sourceTree = "<group>"; };
		AA4996FA23F53E4900B2A3CF /* SearchTableViewCell.xib */ = {isa = PBXFileReference; lastKnownFileType = file.xib; path = SearchTableViewCell.xib; sourceTree = "<group>"; };
		AA4996FD23F57B0900B2A3CF /* CharacterModel.swift */ = {isa = PBXFileReference; lastKnownFileType = sourcecode.swift; path = CharacterModel.swift; sourceTree = "<group>"; };
		AA49970323F846AF00B2A3CF /* SearchManager.swift */ = {isa = PBXFileReference; lastKnownFileType = sourcecode.swift; path = SearchManager.swift; sourceTree = "<group>"; };
		AA49970623F848A600B2A3CF /* NetworkManager.swift */ = {isa = PBXFileReference; lastKnownFileType = sourcecode.swift; path = NetworkManager.swift; sourceTree = "<group>"; };
		AA49970A23F8681600B2A3CF /* Delayer.swift */ = {isa = PBXFileReference; lastKnownFileType = sourcecode.swift; path = Delayer.swift; sourceTree = "<group>"; };
		AA49970C23F86DD100B2A3CF /* SearchRequest.swift */ = {isa = PBXFileReference; lastKnownFileType = sourcecode.swift; path = SearchRequest.swift; sourceTree = "<group>"; };
		AA49971023F87E7700B2A3CF /* DetailInfoViewController.swift */ = {isa = PBXFileReference; lastKnownFileType = sourcecode.swift; path = DetailInfoViewController.swift; sourceTree = "<group>"; };
		AA49971423F89AD200B2A3CF /* ViewControllerTableExt.swift */ = {isa = PBXFileReference; lastKnownFileType = sourcecode.swift; path = ViewControllerTableExt.swift; sourceTree = "<group>"; };
		AA49971623F89AE100B2A3CF /* ViewControllerSearchExt.swift */ = {isa = PBXFileReference; lastKnownFileType = sourcecode.swift; path = ViewControllerSearchExt.swift; sourceTree = "<group>"; };
		AAF2A3DB23F46CAC00990EF3 /* Practice2.app */ = {isa = PBXFileReference; explicitFileType = wrapper.application; includeInIndex = 0; path = Practice2.app; sourceTree = BUILT_PRODUCTS_DIR; };
		AAF2A3DE23F46CAC00990EF3 /* AppDelegate.swift */ = {isa = PBXFileReference; lastKnownFileType = sourcecode.swift; path = AppDelegate.swift; sourceTree = "<group>"; };
		AAF2A3E023F46CAC00990EF3 /* SceneDelegate.swift */ = {isa = PBXFileReference; lastKnownFileType = sourcecode.swift; path = SceneDelegate.swift; sourceTree = "<group>"; };
		AAF2A3E223F46CAC00990EF3 /* ViewController.swift */ = {isa = PBXFileReference; lastKnownFileType = sourcecode.swift; path = ViewController.swift; sourceTree = "<group>"; };
		AAF2A3E523F46CAC00990EF3 /* Base */ = {isa = PBXFileReference; lastKnownFileType = file.storyboard; name = Base; path = Base.lproj/Main.storyboard; sourceTree = "<group>"; };
		AAF2A3E723F46CAD00990EF3 /* Assets.xcassets */ = {isa = PBXFileReference; lastKnownFileType = folder.assetcatalog; path = Assets.xcassets; sourceTree = "<group>"; };
		AAF2A3EA23F46CAD00990EF3 /* Base */ = {isa = PBXFileReference; lastKnownFileType = file.storyboard; name = Base; path = Base.lproj/LaunchScreen.storyboard; sourceTree = "<group>"; };
		AAF2A3EC23F46CAD00990EF3 /* Info.plist */ = {isa = PBXFileReference; lastKnownFileType = text.plist.xml; path = Info.plist; sourceTree = "<group>"; };
/* End PBXFileReference section */

/* Begin PBXFrameworksBuildPhase section */
		AAF2A3D823F46CAC00990EF3 /* Frameworks */ = {
			isa = PBXFrameworksBuildPhase;
			buildActionMask = 2147483647;
			files = (
			);
			runOnlyForDeploymentPostprocessing = 0;
		};
/* End PBXFrameworksBuildPhase section */

/* Begin PBXGroup section */
		AA4996F623F53DDA00B2A3CF /* SearchTableViewCell */ = {
			isa = PBXGroup;
			children = (
				AA4996F923F53E4900B2A3CF /* SearchTableViewCell.swift */,
				AA4996FA23F53E4900B2A3CF /* SearchTableViewCell.xib */,
			);
			path = SearchTableViewCell;
			sourceTree = "<group>";
		};
		AA49970223F8460C00B2A3CF /* Utilities */ = {
			isa = PBXGroup;
			children = (
				AA49970323F846AF00B2A3CF /* SearchManager.swift */,
				AA49970A23F8681600B2A3CF /* Delayer.swift */,
				AA49970C23F86DD100B2A3CF /* SearchRequest.swift */,
			);
			path = Utilities;
			sourceTree = "<group>";
		};
		AA49970523F8488B00B2A3CF /* Network */ = {
			isa = PBXGroup;
			children = (
				AA49970623F848A600B2A3CF /* NetworkManager.swift */,
			);
			path = Network;
			sourceTree = "<group>";
		};
		AA49970823F8533D00B2A3CF /* Models */ = {
			isa = PBXGroup;
			children = (
				AA4996FD23F57B0900B2A3CF /* CharacterModel.swift */,
			);
			path = Models;
			sourceTree = "<group>";
		};
		AA49970923F862F400B2A3CF /* Extensions */ = {
			isa = PBXGroup;
			children = (
				AA49971423F89AD200B2A3CF /* ViewControllerTableExt.swift */,
				AA49971623F89AE100B2A3CF /* ViewControllerSearchExt.swift */,
			);
			path = Extensions;
			sourceTree = "<group>";
		};
		AA49970E23F87AF600B2A3CF /* Controllers */ = {
			isa = PBXGroup;
			children = (
				AAF2A3E223F46CAC00990EF3 /* ViewController.swift */,
				AA49971023F87E7700B2A3CF /* DetailInfoViewController.swift */,
			);
			path = Controllers;
			sourceTree = "<group>";
		};
		AA49970F23F87B0500B2A3CF /* Views */ = {
			isa = PBXGroup;
			children = (
				AA4996F623F53DDA00B2A3CF /* SearchTableViewCell */,
				AAF2A3E423F46CAC00990EF3 /* Main.storyboard */,
				AAF2A3E923F46CAD00990EF3 /* LaunchScreen.storyboard */,
			);
			path = Views;
			sourceTree = "<group>";
		};
		AA49971223F8983B00B2A3CF /* BaseAppDelegate */ = {
			isa = PBXGroup;
			children = (
				AAF2A3DE23F46CAC00990EF3 /* AppDelegate.swift */,
				AAF2A3E023F46CAC00990EF3 /* SceneDelegate.swift */,
			);
			path = BaseAppDelegate;
			sourceTree = "<group>";
		};
		AA49971323F8985B00B2A3CF /* Resource */ = {
			isa = PBXGroup;
			children = (
				AAF2A3E723F46CAD00990EF3 /* Assets.xcassets */,
			);
			path = Resource;
			sourceTree = "<group>";
		};
		AAF2A3D223F46CAC00990EF3 = {
			isa = PBXGroup;
			children = (
				AAF2A3DD23F46CAC00990EF3 /* Practice2 */,
				AAF2A3DC23F46CAC00990EF3 /* Products */,
			);
			sourceTree = "<group>";
		};
		AAF2A3DC23F46CAC00990EF3 /* Products */ = {
			isa = PBXGroup;
			children = (
				AAF2A3DB23F46CAC00990EF3 /* Practice2.app */,
			);
			name = Products;
			sourceTree = "<group>";
		};
		AAF2A3DD23F46CAC00990EF3 /* Practice2 */ = {
			isa = PBXGroup;
			children = (
				AA49971323F8985B00B2A3CF /* Resource */,
				AA49971223F8983B00B2A3CF /* BaseAppDelegate */,
				AA49970523F8488B00B2A3CF /* Network */,
				AA49970223F8460C00B2A3CF /* Utilities */,
				AA49970F23F87B0500B2A3CF /* Views */,
				AA49970E23F87AF600B2A3CF /* Controllers */,
				AA49970923F862F400B2A3CF /* Extensions */,
				AA49970823F8533D00B2A3CF /* Models */,
				AAF2A3EC23F46CAD00990EF3 /* Info.plist */,
			);
			path = Practice2;
			sourceTree = "<group>";
		};
/* End PBXGroup section */

/* Begin PBXNativeTarget section */
		AAF2A3DA23F46CAC00990EF3 /* Practice2 */ = {
			isa = PBXNativeTarget;
			buildConfigurationList = AAF2A3EF23F46CAD00990EF3 /* Build configuration list for PBXNativeTarget "Practice2" */;
			buildPhases = (
				AAF2A3D723F46CAC00990EF3 /* Sources */,
				AAF2A3D823F46CAC00990EF3 /* Frameworks */,
				AAF2A3D923F46CAC00990EF3 /* Resources */,
			);
			buildRules = (
			);
			dependencies = (
			);
			name = Practice2;
			productName = Practice2;
			productReference = AAF2A3DB23F46CAC00990EF3 /* Practice2.app */;
			productType = "com.apple.product-type.application";
		};
/* End PBXNativeTarget section */

/* Begin PBXProject section */
		AAF2A3D323F46CAC00990EF3 /* Project object */ = {
			isa = PBXProject;
			attributes = {
				LastSwiftUpdateCheck = 1130;
				LastUpgradeCheck = 1130;
				ORGANIZATIONNAME = "Евгений Гусев";
				TargetAttributes = {
					AAF2A3DA23F46CAC00990EF3 = {
						CreatedOnToolsVersion = 11.3.1;
					};
				};
			};
			buildConfigurationList = AAF2A3D623F46CAC00990EF3 /* Build configuration list for PBXProject "Practice2" */;
			compatibilityVersion = "Xcode 9.3";
			developmentRegion = en;
			hasScannedForEncodings = 0;
			knownRegions = (
				en,
				Base,
			);
			mainGroup = AAF2A3D223F46CAC00990EF3;
			productRefGroup = AAF2A3DC23F46CAC00990EF3 /* Products */;
			projectDirPath = "";
			projectRoot = "";
			targets = (
				AAF2A3DA23F46CAC00990EF3 /* Practice2 */,
			);
		};
/* End PBXProject section */

/* Begin PBXResourcesBuildPhase section */
		AAF2A3D923F46CAC00990EF3 /* Resources */ = {
			isa = PBXResourcesBuildPhase;
			buildActionMask = 2147483647;
			files = (
				AAF2A3EB23F46CAD00990EF3 /* LaunchScreen.storyboard in Resources */,
				AA4996FC23F53E4900B2A3CF /* SearchTableViewCell.xib in Resources */,
				AAF2A3E823F46CAD00990EF3 /* Assets.xcassets in Resources */,
				AAF2A3E623F46CAC00990EF3 /* Main.storyboard in Resources */,
			);
			runOnlyForDeploymentPostprocessing = 0;
		};
/* End PBXResourcesBuildPhase section */

/* Begin PBXSourcesBuildPhase section */
		AAF2A3D723F46CAC00990EF3 /* Sources */ = {
			isa = PBXSourcesBuildPhase;
			buildActionMask = 2147483647;
			files = (
				AAF2A3E323F46CAC00990EF3 /* ViewController.swift in Sources */,
				AA49970423F846AF00B2A3CF /* SearchManager.swift in Sources */,
				AA49971523F89AD200B2A3CF /* ViewControllerTableExt.swift in Sources */,
				AA4996FE23F57B0900B2A3CF /* CharacterModel.swift in Sources */,
				AA49970723F848A600B2A3CF /* NetworkManager.swift in Sources */,
				AA4996FB23F53E4900B2A3CF /* SearchTableViewCell.swift in Sources */,
				AAF2A3DF23F46CAC00990EF3 /* AppDelegate.swift in Sources */,
				AA49970B23F8681600B2A3CF /* Delayer.swift in Sources */,
				AA49970D23F86DD100B2A3CF /* SearchRequest.swift in Sources */,
				AA49971123F87E7700B2A3CF /* DetailInfoViewController.swift in Sources */,
				AA49971723F89AE100B2A3CF /* ViewControllerSearchExt.swift in Sources */,
				AAF2A3E123F46CAC00990EF3 /* SceneDelegate.swift in Sources */,
			);
			runOnlyForDeploymentPostprocessing = 0;
		};
/* End PBXSourcesBuildPhase section */

/* Begin PBXVariantGroup section */
		AAF2A3E423F46CAC00990EF3 /* Main.storyboard */ = {
			isa = PBXVariantGroup;
			children = (
				AAF2A3E523F46CAC00990EF3 /* Base */,
			);
			name = Main.storyboard;
			sourceTree = "<group>";
		};
		AAF2A3E923F46CAD00990EF3 /* LaunchScreen.storyboard */ = {
			isa = PBXVariantGroup;
			children = (
				AAF2A3EA23F46CAD00990EF3 /* Base */,
			);
			name = LaunchScreen.storyboard;
			sourceTree = "<group>";
		};
/* End PBXVariantGroup section */

/* Begin XCBuildConfiguration section */
		AAF2A3ED23F46CAD00990EF3 /* Debug */ = {
			isa = XCBuildConfiguration;
			buildSettings = {
				ALWAYS_SEARCH_USER_PATHS = NO;
				CLANG_ANALYZER_NONNULL = YES;
				CLANG_ANALYZER_NUMBER_OBJECT_CONVERSION = YES_AGGRESSIVE;
				CLANG_CXX_LANGUAGE_STANDARD = "gnu++14";
				CLANG_CXX_LIBRARY = "libc++";
				CLANG_ENABLE_MODULES = YES;
				CLANG_ENABLE_OBJC_ARC = YES;
				CLANG_ENABLE_OBJC_WEAK = YES;
				CLANG_WARN_BLOCK_CAPTURE_AUTORELEASING = YES;
				CLANG_WARN_BOOL_CONVERSION = YES;
				CLANG_WARN_COMMA = YES;
				CLANG_WARN_CONSTANT_CONVERSION = YES;
				CLANG_WARN_DEPRECATED_OBJC_IMPLEMENTATIONS = YES;
				CLANG_WARN_DIRECT_OBJC_ISA_USAGE = YES_ERROR;
				CLANG_WARN_DOCUMENTATION_COMMENTS = YES;
				CLANG_WARN_EMPTY_BODY = YES;
				CLANG_WARN_ENUM_CONVERSION = YES;
				CLANG_WARN_INFINITE_RECURSION = YES;
				CLANG_WARN_INT_CONVERSION = YES;
				CLANG_WARN_NON_LITERAL_NULL_CONVERSION = YES;
				CLANG_WARN_OBJC_IMPLICIT_RETAIN_SELF = YES;
				CLANG_WARN_OBJC_LITERAL_CONVERSION = YES;
				CLANG_WARN_OBJC_ROOT_CLASS = YES_ERROR;
				CLANG_WARN_RANGE_LOOP_ANALYSIS = YES;
				CLANG_WARN_STRICT_PROTOTYPES = YES;
				CLANG_WARN_SUSPICIOUS_MOVE = YES;
				CLANG_WARN_UNGUARDED_AVAILABILITY = YES_AGGRESSIVE;
				CLANG_WARN_UNREACHABLE_CODE = YES;
				CLANG_WARN__DUPLICATE_METHOD_MATCH = YES;
				COPY_PHASE_STRIP = NO;
				DEBUG_INFORMATION_FORMAT = dwarf;
				ENABLE_STRICT_OBJC_MSGSEND = YES;
				ENABLE_TESTABILITY = YES;
				GCC_C_LANGUAGE_STANDARD = gnu11;
				GCC_DYNAMIC_NO_PIC = NO;
				GCC_NO_COMMON_BLOCKS = YES;
				GCC_OPTIMIZATION_LEVEL = 0;
				GCC_PREPROCESSOR_DEFINITIONS = (
					"DEBUG=1",
					"$(inherited)",
				);
				GCC_WARN_64_TO_32_BIT_CONVERSION = YES;
				GCC_WARN_ABOUT_RETURN_TYPE = YES_ERROR;
				GCC_WARN_UNDECLARED_SELECTOR = YES;
				GCC_WARN_UNINITIALIZED_AUTOS = YES_AGGRESSIVE;
				GCC_WARN_UNUSED_FUNCTION = YES;
				GCC_WARN_UNUSED_VARIABLE = YES;
				IPHONEOS_DEPLOYMENT_TARGET = 13.2;
				MTL_ENABLE_DEBUG_INFO = INCLUDE_SOURCE;
				MTL_FAST_MATH = YES;
				ONLY_ACTIVE_ARCH = YES;
				SDKROOT = iphoneos;
				SWIFT_ACTIVE_COMPILATION_CONDITIONS = DEBUG;
				SWIFT_OPTIMIZATION_LEVEL = "-Onone";
			};
			name = Debug;
		};
		AAF2A3EE23F46CAD00990EF3 /* Release */ = {
			isa = XCBuildConfiguration;
			buildSettings = {
				ALWAYS_SEARCH_USER_PATHS = NO;
				CLANG_ANALYZER_NONNULL = YES;
				CLANG_ANALYZER_NUMBER_OBJECT_CONVERSION = YES_AGGRESSIVE;
				CLANG_CXX_LANGUAGE_STANDARD = "gnu++14";
				CLANG_CXX_LIBRARY = "libc++";
				CLANG_ENABLE_MODULES = YES;
				CLANG_ENABLE_OBJC_ARC = YES;
				CLANG_ENABLE_OBJC_WEAK = YES;
				CLANG_WARN_BLOCK_CAPTURE_AUTORELEASING = YES;
				CLANG_WARN_BOOL_CONVERSION = YES;
				CLANG_WARN_COMMA = YES;
				CLANG_WARN_CONSTANT_CONVERSION = YES;
				CLANG_WARN_DEPRECATED_OBJC_IMPLEMENTATIONS = YES;
				CLANG_WARN_DIRECT_OBJC_ISA_USAGE = YES_ERROR;
				CLANG_WARN_DOCUMENTATION_COMMENTS = YES;
				CLANG_WARN_EMPTY_BODY = YES;
				CLANG_WARN_ENUM_CONVERSION = YES;
				CLANG_WARN_INFINITE_RECURSION = YES;
				CLANG_WARN_INT_CONVERSION = YES;
				CLANG_WARN_NON_LITERAL_NULL_CONVERSION = YES;
				CLANG_WARN_OBJC_IMPLICIT_RETAIN_SELF = YES;
				CLANG_WARN_OBJC_LITERAL_CONVERSION = YES;
				CLANG_WARN_OBJC_ROOT_CLASS = YES_ERROR;
				CLANG_WARN_RANGE_LOOP_ANALYSIS = YES;
				CLANG_WARN_STRICT_PROTOTYPES = YES;
				CLANG_WARN_SUSPICIOUS_MOVE = YES;
				CLANG_WARN_UNGUARDED_AVAILABILITY = YES_AGGRESSIVE;
				CLANG_WARN_UNREACHABLE_CODE = YES;
				CLANG_WARN__DUPLICATE_METHOD_MATCH = YES;
				COPY_PHASE_STRIP = NO;
				DEBUG_INFORMATION_FORMAT = "dwarf-with-dsym";
				ENABLE_NS_ASSERTIONS = NO;
				ENABLE_STRICT_OBJC_MSGSEND = YES;
				GCC_C_LANGUAGE_STANDARD = gnu11;
				GCC_NO_COMMON_BLOCKS = YES;
				GCC_WARN_64_TO_32_BIT_CONVERSION = YES;
				GCC_WARN_ABOUT_RETURN_TYPE = YES_ERROR;
				GCC_WARN_UNDECLARED_SELECTOR = YES;
				GCC_WARN_UNINITIALIZED_AUTOS = YES_AGGRESSIVE;
				GCC_WARN_UNUSED_FUNCTION = YES;
				GCC_WARN_UNUSED_VARIABLE = YES;
				IPHONEOS_DEPLOYMENT_TARGET = 13.2;
				MTL_ENABLE_DEBUG_INFO = NO;
				MTL_FAST_MATH = YES;
				SDKROOT = iphoneos;
				SWIFT_COMPILATION_MODE = wholemodule;
				SWIFT_OPTIMIZATION_LEVEL = "-O";
				VALIDATE_PRODUCT = YES;
			};
			name = Release;
		};
		AAF2A3F023F46CAD00990EF3 /* Debug */ = {
			isa = XCBuildConfiguration;
			buildSettings = {
				ASSETCATALOG_COMPILER_APPICON_NAME = AppIcon;
				CODE_SIGN_STYLE = Automatic;
				DEVELOPMENT_TEAM = 6FGU6NCMU2;
				INFOPLIST_FILE = Practice2/Info.plist;
				LD_RUNPATH_SEARCH_PATHS = (
					"$(inherited)",
					"@executable_path/Frameworks",
				);
				PRODUCT_BUNDLE_IDENTIFIER = com.study.Practice2;
				PRODUCT_NAME = "$(TARGET_NAME)";
				SWIFT_VERSION = 5.0;
				TARGETED_DEVICE_FAMILY = 1;
			};
			name = Debug;
		};
		AAF2A3F123F46CAD00990EF3 /* Release */ = {
			isa = XCBuildConfiguration;
			buildSettings = {
				ASSETCATALOG_COMPILER_APPICON_NAME = AppIcon;
				CODE_SIGN_STYLE = Automatic;
				DEVELOPMENT_TEAM = 6FGU6NCMU2;
				INFOPLIST_FILE = Practice2/Info.plist;
				LD_RUNPATH_SEARCH_PATHS = (
					"$(inherited)",
					"@executable_path/Frameworks",
				);
				PRODUCT_BUNDLE_IDENTIFIER = com.study.Practice2;
				PRODUCT_NAME = "$(TARGET_NAME)";
				SWIFT_VERSION = 5.0;
				TARGETED_DEVICE_FAMILY = 1;
			};
			name = Release;
		};
/* End XCBuildConfiguration section */

/* Begin XCConfigurationList section */
		AAF2A3D623F46CAC00990EF3 /* Build configuration list for PBXProject "Practice2" */ = {
			isa = XCConfigurationList;
			buildConfigurations = (
				AAF2A3ED23F46CAD00990EF3 /* Debug */,
				AAF2A3EE23F46CAD00990EF3 /* Release */,
			);
			defaultConfigurationIsVisible = 0;
			defaultConfigurationName = Release;
		};
		AAF2A3EF23F46CAD00990EF3 /* Build configuration list for PBXNativeTarget "Practice2" */ = {
			isa = XCConfigurationList;
			buildConfigurations = (
				AAF2A3F023F46CAD00990EF3 /* Debug */,
				AAF2A3F123F46CAD00990EF3 /* Release */,
			);
			defaultConfigurationIsVisible = 0;
			defaultConfigurationName = Release;
		};
/* End XCConfigurationList section */
	};
	rootObject = AAF2A3D323F46CAC00990EF3 /* Project object */;
}
